
Microsoft Visual Studio Solution File, Format Version 12.00
# Visual Studio Version 17
VisualStudioVersion = 17.0.31903.59
MinimumVisualStudioVersion = 10.0.40219.1
Project("{2150E333-8FDC-42A3-9474-1A3956D46DE8}") = "src", "src", "{09B4416A-12A0-4B46-AF21-2B58DD4EB302}"
EndProject
Project("{FAE04EC0-301F-11D3-BF4B-00C04F79EFBC}") = "NineKey.Core", "src\NineKey.Core\NineKey.Core.csproj", "{F98DD359-0581-4826-8AB0-A6A3AF62336F}"
EndProject
Project("{2150E333-8FDC-42A3-9474-1A3956D46DE8}") = "tests", "tests", "{2E8C775C-AA66-4C9A-B205-F7A3E7F45673}"
EndProject
Project("{2150E333-8FDC-42A3-9474-1A3956D46DE8}") = "tools", "tools", "{7BB203E6-0F4E-4BD3-A145-DAB19F92E065}"
EndProject
Project("{FAE04EC0-301F-11D3-BF4B-00C04F79EFBC}") = "NineKey.DictBuilder", "tools\NineKey.DictBuilder\NineKey.DictBuilder.csproj", "{19AE8442-227D-481E-909F-EF3B930FC385}"
EndProject
Project("{FAE04EC0-301F-11D3-BF4B-00C04F79EFBC}") = "NineKey.Keyboard", "src\NineKey.Keyboard\NineKey.Keyboard.csproj", "{08EE6AFF-F3E4-4163-BED8-2DEC4E4C260B}"
EndProject
Project("{FAE04EC0-301F-11D3-BF4B-00C04F79EFBC}") = "NineKey.Host", "src\NineKey.Host\NineKey.Host.csproj", "{ADCB4B2C-5FC9-4FB3-B022-C4A223EF5CE6}"
EndProject
Project("{FAE04EC0-301F-11D3-BF4B-00C04F79EFBC}") = "NineKey.EvalRunner", "tools\NineKey.EvalRunner\NineKey.EvalRunner.csproj", "{F0561DBC-2941-4143-9406-2F6D565456C6}"
EndProject
Project("{FAE04EC0-301F-11D3-BF4B-00C04F79EFBC}") = "NineKey.Keyboard.Core", "src\NineKey.Keyboard.Core\NineKey.Keyboard.Core.csproj", "{EA44AABA-C275-42BB-91D4-33F3EB1921DB}"
EndProject
Global
	GlobalSection(SolutionConfigurationPlatforms) = preSolution
		Debug|Any CPU = Debug|Any CPU
		Debug|x64 = Debug|x64
		Debug|x86 = Debug|x86
		Release|Any CPU = Release|Any CPU
		Release|x64 = Release|x64
		Release|x86 = Release|x86
	EndGlobalSection
	GlobalSection(ProjectConfigurationPlatforms) = postSolution
		{F98DD359-0581-4826-8AB0-A6A3AF62336F}.Debug|Any CPU.ActiveCfg = Debug|Any CPU
		{F98DD359-0581-4826-8AB0-A6A3AF62336F}.Debug|Any CPU.Build.0 = Debug|Any CPU
		{F98DD359-0581-4826-8AB0-A6A3AF62336F}.Debug|x64.ActiveCfg = Debug|Any CPU
		{F98DD359-0581-4826-8AB0-A6A3AF62336F}.Debug|x64.Build.0 = Debug|Any CPU
		{F98DD359-0581-4826-8AB0-A6A3AF62336F}.Debug|x86.ActiveCfg = Debug|Any CPU
		{F98DD359-0581-4826-8AB0-A6A3AF62336F}.Debug|x86.Build.0 = Debug|Any CPU
		{F98DD359-0581-4826-8AB0-A6A3AF62336F}.Release|Any CPU.ActiveCfg = Release|Any CPU
		{F98DD359-0581-4826-8AB0-A6A3AF62336F}.Release|Any CPU.Build.0 = Release|Any CPU
		{F98DD359-0581-4826-8AB0-A6A3AF62336F}.Release|x64.ActiveCfg = Release|Any CPU
		{F98DD359-0581-4826-8AB0-A6A3AF62336F}.Release|x64.Build.0 = Release|Any CPU
		{F98DD359-0581-4826-8AB0-A6A3AF62336F}.Release|x86.ActiveCfg = Release|Any CPU
		{F98DD359-0581-4826-8AB0-A6A3AF62336F}.Release|x86.Build.0 = Release|Any CPU
		{F72D8CC1-ECD6-4576-B37C-4264B7D50A58}.Debug|Any CPU.ActiveCfg = Debug|Any CPU
		{F72D8CC1-ECD6-4576-B37C-4264B7D50A58}.Debug|Any CPU.Build.0 = Debug|Any CPU
		{F72D8CC1-ECD6-4576-B37C-4264B7D50A58}.Debug|x64.ActiveCfg = Debug|Any CPU
		{F72D8CC1-ECD6-4576-B37C-4264B7D50A58}.Debug|x64.Build.0 = Debug|Any CPU
		{F72D8CC1-ECD6-4576-B37C-4264B7D50A58}.Debug|x86.ActiveCfg = Debug|Any CPU
		{F72D8CC1-ECD6-4576-B37C-4264B7D50A58}.Debug|x86.Build.0 = Debug|Any CPU
		{F72D8CC1-ECD6-4576-B37C-4264B7D50A58}.Release|Any CPU.ActiveCfg = Release|Any CPU
		{F72D8CC1-ECD6-4576-B37C-4264B7D50A58}.Release|Any CPU.Build.0 = Release|Any CPU
		{F72D8CC1-ECD6-4576-B37C-4264B7D50A58}.Release|x64.ActiveCfg = Release|Any CPU
		{F72D8CC1-ECD6-4576-B37C-4264B7D50A58}.Release|x64.Build.0 = Release|Any CPU
		{F72D8CC1-ECD6-4576-B37C-4264B7D50A58}.Release|x86.ActiveCfg = Release|Any CPU
		{F72D8CC1-ECD6-4576-B37C-4264B7D50A58}.Release|x86.Build.0 = Release|Any CPU
		{19AE8442-227D-481E-909F-EF3B930FC385}.Debug|Any CPU.ActiveCfg = Debug|Any CPU
		{19AE8442-227D-481E-909F-EF3B930FC385}.Debug|Any CPU.Build.0 = Debug|Any CPU
		{19AE8442-227D-481E-909F-EF3B930FC385}.Debug|x64.ActiveCfg = Debug|Any CPU
		{19AE8442-227D-481E-909F-EF3B930FC385}.Debug|x64.Build.0 = Debug|Any CPU
		{19AE8442-227D-481E-909F-EF3B930FC385}.Debug|x86.ActiveCfg = Debug|Any CPU
		{19AE8442-227D-481E-909F-EF3B930FC385}.Debug|x86.Build.0 = Debug|Any CPU
		{19AE8442-227D-481E-909F-EF3B930FC385}.Release|Any CPU.ActiveCfg = Release|Any CPU
		{19AE8442-227D-481E-909F-EF3B930FC385}.Release|Any CPU.Build.0 = Release|Any CPU
		{19AE8442-227D-481E-909F-EF3B930FC385}.Release|x64.ActiveCfg = Release|Any CPU
		{19AE8442-227D-481E-909F-EF3B930FC385}.Release|x64.Build.0 = Release|Any CPU
		{19AE8442-227D-481E-909F-EF3B930FC385}.Release|x86.ActiveCfg = Release|Any CPU
		{19AE8442-227D-481E-909F-EF3B930FC385}.Release|x86.Build.0 = Release|Any CPU
		{08EE6AFF-F3E4-4163-BED8-2DEC4E4C260B}.Debug|Any CPU.ActiveCfg = Debug|Any CPU
		{08EE6AFF-F3E4-4163-BED8-2DEC4E4C260B}.Debug|Any CPU.Build.0 = Debug|Any CPU
		{08EE6AFF-F3E4-4163-BED8-2DEC4E4C260B}.Debug|x64.ActiveCfg = Debug|Any CPU
		{08EE6AFF-F3E4-4163-BED8-2DEC4E4C260B}.Debug|x64.Build.0 = Debug|Any CPU
		{08EE6AFF-F3E4-4163-BED8-2DEC4E4C260B}.Debug|x86.ActiveCfg = Debug|Any CPU
		{08EE6AFF-F3E4-4163-BED8-2DEC4E4C260B}.Debug|x86.Build.0 = Debug|Any CPU
		{08EE6AFF-F3E4-4163-BED8-2DEC4E4C260B}.Release|Any CPU.ActiveCfg = Release|Any CPU
		{08EE6AFF-F3E4-4163-BED8-2DEC4E4C260B}.Release|Any CPU.Build.0 = Release|Any CPU
		{08EE6AFF-F3E4-4163-BED8-2DEC4E4C260B}.Release|x64.ActiveCfg = Release|Any CPU
		{08EE6AFF-F3E4-4163-BED8-2DEC4E4C260B}.Release|x64.Build.0 = Release|Any CPU
		{08EE6AFF-F3E4-4163-BED8-2DEC4E4C260B}.Release|x86.ActiveCfg = Release|Any CPU
		{08EE6AFF-F3E4-4163-BED8-2DEC4E4C260B}.Release|x86.Build.0 = Release|Any CPU
		{ADCB4B2C-5FC9-4FB3-B022-C4A223EF5CE6}.Debug|Any CPU.ActiveCfg = Debug|Any CPU
		{ADCB4B2C-5FC9-4FB3-B022-C4A223EF5CE6}.Debug|Any CPU.Build.0 = Debug|Any CPU
		{ADCB4B2C-5FC9-4FB3-B022-C4A223EF5CE6}.Debug|x64.ActiveCfg = Debug|Any CPU
		{ADCB4B2C-5FC9-4FB3-B022-C4A223EF5CE6}.Debug|x64.Build.0 = Debug|Any CPU
		{ADCB4B2C-5FC9-4FB3-B022-C4A223EF5CE6}.Debug|x86.ActiveCfg = Debug|Any CPU
		{ADCB4B2C-5FC9-4FB3-B022-C4A223EF5CE6}.Debug|x86.Build.0 = Debug|Any CPU
		{ADCB4B2C-5FC9-4FB3-B022-C4A223EF5CE6}.Release|Any CPU.ActiveCfg = Release|Any CPU
		{ADCB4B2C-5FC9-4FB3-B022-C4A223EF5CE6}.Release|Any CPU.Build.0 = Release|Any CPU
		{ADCB4B2C-5FC9-4FB3-B022-C4A223EF5CE6}.Release|x64.ActiveCfg = Release|Any CPU
		{ADCB4B2C-5FC9-4FB3-B022-C4A223EF5CE6}.Release|x64.Build.0 = Release|Any CPU
		{ADCB4B2C-5FC9-4FB3-B022-C4A223EF5CE6}.Release|x86.ActiveCfg = Release|Any CPU
		{ADCB4B2C-5FC9-4FB3-B022-C4A223EF5CE6}.Release|x86.Build.0 = Release|Any CPU
		{E42E9E30-8CB6-4875-90FA-FFB139F78364}.Debug|Any CPU.ActiveCfg = Debug|Any CPU
		{E42E9E30-8CB6-4875-90FA-FFB139F78364}.Debug|Any CPU.Build.0 = Debug|Any CPU
		{E42E9E30-8CB6-4875-90FA-FFB139F78364}.Debug|x64.ActiveCfg = Debug|Any CPU
		{E42E9E30-8CB6-4875-90FA-FFB139F78364}.Debug|x64.Build.0 = Debug|Any CPU
		{E42E9E30-8CB6-4875-90FA-FFB139F78364}.Debug|x86.ActiveCfg = Debug|Any CPU
		{E42E9E30-8CB6-4875-90FA-FFB139F78364}.Debug|x86.Build.0 = Debug|Any CPU
		{E42E9E30-8CB6-4875-90FA-FFB139F78364}.Release|Any CPU.ActiveCfg = Release|Any CPU
		{E42E9E30-8CB6-4875-90FA-FFB139F78364}.Release|Any CPU.Build.0 = Release|Any CPU
		{E42E9E30-8CB6-4875-90FA-FFB139F78364}.Release|x64.ActiveCfg = Release|Any CPU
		{E42E9E30-8CB6-4875-90FA-FFB139F78364}.Release|x64.Build.0 = Release|Any CPU
		{E42E9E30-8CB6-4875-90FA-FFB139F78364}.Release|x86.ActiveCfg = Release|Any CPU
		{E42E9E30-8CB6-4875-90FA-FFB139F78364}.Release|x86.Build.0 = Release|Any CPU
		{F0561DBC-2941-4143-9406-2F6D565456C6}.Debug|Any CPU.ActiveCfg = Debug|Any CPU
		{F0561DBC-2941-4143-9406-2F6D565456C6}.Debug|Any CPU.Build.0 = Debug|Any CPU
		{F0561DBC-2941-4143-9406-2F6D565456C6}.Debug|x64.ActiveCfg = Debug|Any CPU
		{F0561DBC-2941-4143-9406-2F6D565456C6}.Debug|x64.Build.0 = Debug|Any CPU
		{F0561DBC-2941-4143-9406-2F6D565456C6}.Debug|x86.ActiveCfg = Debug|Any CPU
		{F0561DBC-2941-4143-9406-2F6D565456C6}.Debug|x86.Build.0 = Debug|Any CPU
		{F0561DBC-2941-4143-9406-2F6D565456C6}.Release|Any CPU.ActiveCfg = Release|Any CPU
		{F0561DBC-2941-4143-9406-2F6D565456C6}.Release|Any CPU.Build.0 = Release|Any CPU
		{F0561DBC-2941-4143-9406-2F6D565456C6}.Release|x64.ActiveCfg = Release|Any CPU
		{F0561DBC-2941-4143-9406-2F6D565456C6}.Release|x64.Build.0 = Release|Any CPU
		{F0561DBC-2941-4143-9406-2F6D565456C6}.Release|x86.ActiveCfg = Release|Any CPU
		{F0561DBC-2941-4143-9406-2F6D565456C6}.Release|x86.Build.0 = Release|Any CPU
		{EA44AABA-C275-42BB-91D4-33F3EB1921DB}.Debug|Any CPU.ActiveCfg = Debug|Any CPU
		{EA44AABA-C275-42BB-91D4-33F3EB1921DB}.Debug|Any CPU.Build.0 = Debug|Any CPU
		{EA44AABA-C275-42BB-91D4-33F3EB1921DB}.Debug|x64.ActiveCfg = Debug|Any CPU
		{EA44AABA-C275-42BB-91D4-33F3EB1921DB}.Debug|x64.Build.0 = Debug|Any CPU
		{EA44AABA-C275-42BB-91D4-33F3EB1921DB}.Debug|x86.ActiveCfg = Debug|Any CPU
		{EA44AABA-C275-42BB-91D4-33F3EB1921DB}.Debug|x86.Build.0 = Debug|Any CPU
		{EA44AABA-C275-42BB-91D4-33F3EB1921DB}.Release|Any CPU.ActiveCfg = Release|Any CPU
		{EA44AABA-C275-42BB-91D4-33F3EB1921DB}.Release|Any CPU.Build.0 = Release|Any CPU
		{EA44AABA-C275-42BB-91D4-33F3EB1921DB}.Release|x64.ActiveCfg = Release|Any CPU
		{EA44AABA-C275-42BB-91D4-33F3EB1921DB}.Release|x64.Build.0 = Release|Any CPU
		{EA44AABA-C275-42BB-91D4-33F3EB1921DB}.Release|x86.ActiveCfg = Release|Any CPU
		{EA44AABA-C275-42BB-91D4-33F3EB1921DB}.Release|x86.Build.0 = Release|Any CPU
		{4D79393D-3FA3-4519-A10F-8C08F72375D9}.Debug|Any CPU.ActiveCfg = Debug|Any CPU
		{4D79393D-3FA3-4519-A10F-8C08F72375D9}.Debug|Any CPU.Build.0 = Debug|Any CPU
		{4D79393D-3FA3-4519-A10F-8C08F72375D9}.Debug|x64.ActiveCfg = Debug|Any CPU
		{4D79393D-3FA3-4519-A10F-8C08F72375D9}.Debug|x64.Build.0 = Debug|Any CPU
		{4D79393D-3FA3-4519-A10F-8C08F72375D9}.Debug|x86.ActiveCfg = Debug|Any CPU
		{4D79393D-3FA3-4519-A10F-8C08F72375D9}.Debug|x86.Build.0 = Debug|Any CPU
		{4D79393D-3FA3-4519-A10F-8C08F72375D9}.Release|Any CPU.ActiveCfg = Release|Any CPU
		{4D79393D-3FA3-4519-A10F-8C08F72375D9}.Release|Any CPU.Build.0 = Release|Any CPU
		{4D79393D-3FA3-4519-A10F-8C08F72375D9}.Release|x64.ActiveCfg = Release|Any CPU
		{4D79393D-3FA3-4519-A10F-8C08F72375D9}.Release|x64.Build.0 = Release|Any CPU
		{4D79393D-3FA3-4519-A10F-8C08F72375D9}.Release|x86.ActiveCfg = Release|Any CPU
		{4D79393D-3FA3-4519-A10F-8C08F72375D9}.Release|x86.Build.0 = Release|Any CPU
	EndGlobalSection
	GlobalSection(SolutionProperties) = preSolution
		HideSolutionNode = FALSE
	EndGlobalSection
	GlobalSection(NestedProjects) = preSolution
		{F98DD359-0581-4826-8AB0-A6A3AF62336F} = {09B4416A-12A0-4B46-AF21-2B58DD4EB302}
		{F72D8CC1-ECD6-4576-B37C-4264B7D50A58} = {2E8C775C-AA66-4C9A-B205-F7A3E7F45673}
		{19AE8442-227D-481E-909F-EF3B930FC385} = {7BB203E6-0F4E-4BD3-A145-DAB19F92E065}
		{08EE6AFF-F3E4-4163-BED8-2DEC4E4C260B} = {09B4416A-12A0-4B46-AF21-2B58DD4EB302}
		{ADCB4B2C-5FC9-4FB3-B022-C4A223EF5CE6} = {09B4416A-12A0-4B46-AF21-2B58DD4EB302}
		{E42E9E30-8CB6-4875-90FA-FFB139F78364} = {2E8C775C-AA66-4C9A-B205-F7A3E7F45673}
		{F0561DBC-2941-4143-9406-2F6D565456C6} = {7BB203E6-0F4E-4BD3-A145-DAB19F92E065}
		{EA44AABA-C275-42BB-91D4-33F3EB1921DB} = {09B4416A-12A0-4B46-AF21-2B58DD4EB302}
		{4D79393D-3FA3-4519-A10F-8C08F72375D9} = {2E8C775C-AA66-4C9A-B205-F7A3E7F45673}
	EndGlobalSection
EndGlobal
